PODS:
  - SnapKit (5.0.1)
  - SwiftConfettiView (0.1.0)

DEPENDENCIES:
  - SnapKit (~> 5.0.1)
  - SwiftConfettiView

SPEC REPOS:
  trunk:
    - SnapKit
    - SwiftConfettiView

SPEC CHECKSUMS:
  SnapKit: 97b92857e3df3a0c71833cce143274bf6ef8e5eb
  SwiftConfettiView: 1bdbc2e6913b6b1c76d8070802b212508ad5c352

PODFILE CHECKSUM: 4e80bdd3b7c2622e4540998571c4393a877c03b2

COCOAPODS: 1.10.0
